
Microsoft Visual Studio Solution File, Format Version 12.00
# Visual Studio Version 17
VisualStudioVersion = 17.3.32811.315
MinimumVisualStudioVersion = 10.0.40219.1
Project("{FAE04EC0-301F-11D3-BF4B-00C04F79EFBC}") = "TaskGNIS", "TaskGNIS\TaskGNIS.csproj", "{D08A86A1-2B65-4F53-932A-88778B4D614C}"
EndProject
Global
	GlobalSection(SolutionConfigurationPlatforms) = preSolution
		Debug|Any CPU = Debug|Any CPU
		Release|Any CPU = Release|Any CPU
	EndGlobalSection
	GlobalSection(ProjectConfigurationPlatforms) = postSolution
		{D08A86A1-2B65-4F53-932A-88778B4D614C}.Debug|Any CPU.ActiveCfg = Debug|Any CPU
		{D08A86A1-2B65-4F53-932A-88778B4D614C}.Debug|Any CPU.Build.0 = Debug|Any CPU
		{D08A86A1-2B65-4F53-932A-88778B4D614C}.Release|Any CPU.ActiveCfg = Release|Any CPU
		{D08A86A1-2B65-4F53-932A-88778B4D614C}.Release|Any CPU.Build.0 = Release|Any CPU
	EndGlobalSection
	GlobalSection(SolutionProperties) = preSolution
		HideSolutionNode = FALSE
	EndGlobalSection
	GlobalSection(ExtensibilityGlobals) = postSolution
		SolutionGuid = {48E7DE84-F095-4C8C-84D1-CB0FDB2827ED}
	EndGlobalSection
EndGlobal
